
Microsoft Visual Studio Solution File, Format Version 12.00
# Visual Studio Version 17
VisualStudioVersion = 17.5.33424.131
MinimumVisualStudioVersion = 10.0.40219.1
Project("{8BC9CEB8-8B4A-11D0-8D11-00A0C91BC942}") = "Problem1_Q9", "Problem1_Q9\Problem1_Q9.vcxproj", "{F952E582-73ED-4704-A5EE-18F516F391B6}"
EndProject
Global
	GlobalSection(SolutionConfigurationPlatforms) = preSolution
		Debug|x64 = Debug|x64
		Debug|x86 = Debug|x86
		Release|x64 = Release|x64
		Release|x86 = Release|x86
	EndGlobalSection
	GlobalSection(ProjectConfigurationPlatforms) = postSolution
		{F952E582-73ED-4704-A5EE-18F516F391B6}.Debug|x64.ActiveCfg = Debug|x64
		{F952E582-73ED-4704-A5EE-18F516F391B6}.Debug|x64.Build.0 = Debug|x64
		{F952E582-73ED-4704-A5EE-18F516F391B6}.Debug|x86.ActiveCfg = Debug|Win32
		{F952E582-73ED-4704-A5EE-18F516F391B6}.Debug|x86.Build.0 = Debug|Win32
		{F952E582-73ED-4704-A5EE-18F516F391B6}.Release|x64.ActiveCfg = Release|x64
		{F952E582-73ED-4704-A5EE-18F516F391B6}.Release|x64.Build.0 = Release|x64
		{F952E582-73ED-4704-A5EE-18F516F391B6}.Release|x86.ActiveCfg = Release|Win32
		{F952E582-73ED-4704-A5EE-18F516F391B6}.Release|x86.Build.0 = Release|Win32
	EndGlobalSection
	GlobalSection(SolutionProperties) = preSolution
		HideSolutionNode = FALSE
	EndGlobalSection
	GlobalSection(ExtensibilityGlobals) = postSolution
		SolutionGuid = {F367CF10-5C61-46F7-A71F-CB14C8B84D13}
	EndGlobalSection
EndGlobal
